
Microsoft Visual Studio Solution File, Format Version 12.00
# Visual Studio Version 17
VisualStudioVersion = 17.4.33110.190
MinimumVisualStudioVersion = 10.0.40219.1
Project("{9A19103F-16F7-4668-BE54-9A1E7A4F7556}") = "BuddySave", "BuddySave\BuddySave.csproj", "{17910E6F-B8E0-4D2D-9237-5E58A6EF8A61}"
EndProject
Project("{FAE04EC0-301F-11D3-BF4B-00C04F79EFBC}") = "BuddySave.IntegrationTests", "BuddySave.IntegrationTests\BuddySave.IntegrationTests.csproj", "{0C9679BD-AB4D-4628-A64F-174F651A1DAE}"
EndProject
Project("{FAE04EC0-301F-11D3-BF4B-00C04F79EFBC}") = "BuddySave.UnitTests", "BuddySave.UnitTests\BuddySave.UnitTests.csproj", "{8836B3AF-7619-4DEF-8A22-4F443A4A1888}"
EndProject
Global
	GlobalSection(SolutionConfigurationPlatforms) = preSolution
		Debug|Any CPU = Debug|Any CPU
		Release|Any CPU = Release|Any CPU
	EndGlobalSection
	GlobalSection(ProjectConfigurationPlatforms) = postSolution
		{17910E6F-B8E0-4D2D-9237-5E58A6EF8A61}.Debug|Any CPU.ActiveCfg = Debug|Any CPU
		{17910E6F-B8E0-4D2D-9237-5E58A6EF8A61}.Debug|Any CPU.Build.0 = Debug|Any CPU
		{17910E6F-B8E0-4D2D-9237-5E58A6EF8A61}.Release|Any CPU.ActiveCfg = Release|Any CPU
		{17910E6F-B8E0-4D2D-9237-5E58A6EF8A61}.Release|Any CPU.Build.0 = Release|Any CPU
		{0C9679BD-AB4D-4628-A64F-174F651A1DAE}.Debug|Any CPU.ActiveCfg = Debug|Any CPU
		{0C9679BD-AB4D-4628-A64F-174F651A1DAE}.Debug|Any CPU.Build.0 = Debug|Any CPU
		{0C9679BD-AB4D-4628-A64F-174F651A1DAE}.Release|Any CPU.ActiveCfg = Release|Any CPU
		{0C9679BD-AB4D-4628-A64F-174F651A1DAE}.Release|Any CPU.Build.0 = Release|Any CPU
		{8836B3AF-7619-4DEF-8A22-4F443A4A1888}.Debug|Any CPU.ActiveCfg = Debug|Any CPU
		{8836B3AF-7619-4DEF-8A22-4F443A4A1888}.Debug|Any CPU.Build.0 = Debug|Any CPU
		{8836B3AF-7619-4DEF-8A22-4F443A4A1888}.Release|Any CPU.ActiveCfg = Release|Any CPU
		{8836B3AF-7619-4DEF-8A22-4F443A4A1888}.Release|Any CPU.Build.0 = Release|Any CPU
	EndGlobalSection
	GlobalSection(SolutionProperties) = preSolution
		HideSolutionNode = FALSE
	EndGlobalSection
	GlobalSection(ExtensibilityGlobals) = postSolution
		SolutionGuid = {EE9BB34D-33B6-49A0-B6B9-80FA600DC61A}
	EndGlobalSection
EndGlobal
